
Microsoft Visual Studio Solution File, Format Version 12.00
# Visual Studio 15
VisualStudioVersion = 15.0.27703.2047
MinimumVisualStudioVersion = 10.0.40219.1
Project("{FAE04EC0-301F-11D3-BF4B-00C04F79EFBC}") = "SalesXamarin.Android", "SalesXamarin\SalesXamarin.Android\SalesXamarin.Android.csproj", "{32EEF84F-C3E1-4E2E-8B71-F89B9746673D}"
EndProject
Project("{FAE04EC0-301F-11D3-BF4B-00C04F79EFBC}") = "SalesXamarin.iOS", "SalesXamarin\SalesXamarin.iOS\SalesXamarin.iOS.csproj", "{8FA7D7DA-7C2B-4FAC-BAFF-0203BC986105}"
EndProject
Project("{FAE04EC0-301F-11D3-BF4B-00C04F79EFBC}") = "SalesXamarin.UWP", "SalesXamarin\SalesXamarin.UWP\SalesXamarin.UWP.csproj", "{9E89CA0A-4C63-4688-AFA3-6BAEDD1AD45D}"
EndProject
Project("{9A19103F-16F7-4668-BE54-9A1E7A4F7556}") = "SalesXamarin", "SalesXamarin\SalesXamarin\SalesXamarin.csproj", "{720A46D2-5F6B-48CE-9505-BB33C0D5966F}"
EndProject
Project("{FAE04EC0-301F-11D3-BF4B-00C04F79EFBC}") = "SalesXamarin.BackEnd", "SalesXamarin.BackEnd\SalesXamarin.BackEnd.csproj", "{3742205B-12E3-48D3-ACCA-80E5B5A26CE5}"
EndProject
Project("{FAE04EC0-301F-11D3-BF4B-00C04F79EFBC}") = "SalesXamarin.API", "SalesXamarin.API\SalesXamarin.API.csproj", "{CC909A99-79CF-49A2-9909-8E267C90E277}"
EndProject
Project("{FAE04EC0-301F-11D3-BF4B-00C04F79EFBC}") = "SalesXamarin.Common", "SalesXamarin.Common\SalesXamarin.Common.csproj", "{CA221962-063B-4720-B224-C6F1595EF87D}"
EndProject
Project("{FAE04EC0-301F-11D3-BF4B-00C04F79EFBC}") = "SalesXamarin.Domain", "SalesXamarin.Domain\SalesXamarin.Domain.csproj", "{9332948C-FC5F-4602-8103-49A2CA1B7EFA}"
EndProject
Global
	GlobalSection(SolutionConfigurationPlatforms) = preSolution
		Ad-Hoc|Any CPU = Ad-Hoc|Any CPU
		Ad-Hoc|ARM = Ad-Hoc|ARM
		Ad-Hoc|iPhone = Ad-Hoc|iPhone
		Ad-Hoc|iPhoneSimulator = Ad-Hoc|iPhoneSimulator
		Ad-Hoc|x64 = Ad-Hoc|x64
		Ad-Hoc|x86 = Ad-Hoc|x86
		AppStore|Any CPU = AppStore|Any CPU
		AppStore|ARM = AppStore|ARM
		AppStore|iPhone = AppStore|iPhone
		AppStore|iPhoneSimulator = AppStore|iPhoneSimulator
		AppStore|x64 = AppStore|x64
		AppStore|x86 = AppStore|x86
		Debug|Any CPU = Debug|Any CPU
		Debug|ARM = Debug|ARM
		Debug|iPhone = Debug|iPhone
		Debug|iPhoneSimulator = Debug|iPhoneSimulator
		Debug|x64 = Debug|x64
		Debug|x86 = Debug|x86
		Release|Any CPU = Release|Any CPU
		Release|ARM = Release|ARM
		Release|iPhone = Release|iPhone
		Release|iPhoneSimulator = Release|iPhoneSimulator
		Release|x64 = Release|x64
		Release|x86 = Release|x86
	EndGlobalSection
	GlobalSection(ProjectConfigurationPlatforms) = postSolution
		{32EEF84F-C3E1-4E2E-8B71-F89B9746673D}.Ad-Hoc|Any CPU.ActiveCfg = Release|Any CPU
		{32EEF84F-C3E1-4E2E-8B71-F89B9746673D}.Ad-Hoc|Any CPU.Build.0 = Release|Any CPU
		{32EEF84F-C3E1-4E2E-8B71-F89B9746673D}.Ad-Hoc|Any CPU.Deploy.0 = Release|Any CPU
		{32EEF84F-C3E1-4E2E-8B71-F89B9746673D}.Ad-Hoc|ARM.ActiveCfg = Release|Any CPU
		{32EEF84F-C3E1-4E2E-8B71-F89B9746673D}.Ad-Hoc|ARM.Build.0 = Release|Any CPU
		{32EEF84F-C3E1-4E2E-8B71-F89B9746673D}.Ad-Hoc|ARM.Deploy.0 = Release|Any CPU
		{32EEF84F-C3E1-4E2E-8B71-F89B9746673D}.Ad-Hoc|iPhone.ActiveCfg = Release|Any CPU
		{32EEF84F-C3E1-4E2E-8B71-F89B9746673D}.Ad-Hoc|iPhone.Build.0 = Release|Any CPU
		{32EEF84F-C3E1-4E2E-8B71-F89B9746673D}.Ad-Hoc|iPhone.Deploy.0 = Release|Any CPU
		{32EEF84F-C3E1-4E2E-8B71-F89B9746673D}.Ad-Hoc|iPhoneSimulator.ActiveCfg = Release|Any CPU
		{32EEF84F-C3E1-4E2E-8B71-F89B9746673D}.Ad-Hoc|iPhoneSimulator.Build.0 = Release|Any CPU
		{32EEF84F-C3E1-4E2E-8B71-F89B9746673D}.Ad-Hoc|iPhoneSimulator.Deploy.0 = Release|Any CPU
		{32EEF84F-C3E1-4E2E-8B71-F89B9746673D}.Ad-Hoc|x64.ActiveCfg = Release|Any CPU
		{32EEF84F-C3E1-4E2E-8B71-F89B9746673D}.Ad-Hoc|x64.Build.0 = Release|Any CPU
		{32EEF84F-C3E1-4E2E-8B71-F89B9746673D}.Ad-Hoc|x64.Deploy.0 = Release|Any CPU
		{32EEF84F-C3E1-4E2E-8B71-F89B9746673D}.Ad-Hoc|x86.ActiveCfg = Release|Any CPU
		{32EEF84F-C3E1-4E2E-8B71-F89B9746673D}.Ad-Hoc|x86.Build.0 = Release|Any CPU
		{32EEF84F-C3E1-4E2E-8B71-F89B9746673D}.Ad-Hoc|x86.Deploy.0 = Release|Any CPU
		{32EEF84F-C3E1-4E2E-8B71-F89B9746673D}.AppStore|Any CPU.ActiveCfg = Release|Any CPU
		{32EEF84F-C3E1-4E2E-8B71-F89B9746673D}.AppStore|Any CPU.Build.0 = Release|Any CPU
		{32EEF84F-C3E1-4E2E-8B71-F89B9746673D}.AppStore|Any CPU.Deploy.0 = Release|Any CPU
		{32EEF84F-C3E1-4E2E-8B71-F89B9746673D}.AppStore|ARM.ActiveCfg = Release|Any CPU
		{32EEF84F-C3E1-4E2E-8B71-F89B9746673D}.AppStore|ARM.Build.0 = Release|Any CPU
		{32EEF84F-C3E1-4E2E-8B71-F89B9746673D}.AppStore|ARM.Deploy.0 = Release|Any CPU
		{32EEF84F-C3E1-4E2E-8B71-F89B9746673D}.AppStore|iPhone.ActiveCfg = Release|Any CPU
		{32EEF84F-C3E1-4E2E-8B71-F89B9746673D}.AppStore|iPhone.Build.0 = Release|Any CPU
		{32EEF84F-C3E1-4E2E-8B71-F89B9746673D}.AppStore|iPhone.Deploy.0 = Release|Any CPU
		{32EEF84F-C3E1-4E2E-8B71-F89B9746673D}.AppStore|iPhoneSimulator.ActiveCfg = Release|Any CPU
		{32EEF84F-C3E1-4E2E-8B71-F89B9746673D}.AppStore|iPhoneSimulator.Build.0 = Release|Any CPU
		{32EEF84F-C3E1-4E2E-8B71-F89B9746673D}.AppStore|iPhoneSimulator.Deploy.0 = Release|Any CPU
		{32EEF84F-C3E1-4E2E-8B71-F89B9746673D}.AppStore|x64.ActiveCfg = Release|Any CPU
		{32EEF84F-C3E1-4E2E-8B71-F89B9746673D}.AppStore|x64.Build.0 = Release|Any CPU
		{32EEF84F-C3E1-4E2E-8B71-F89B9746673D}.AppStore|x64.Deploy.0 = Release|Any CPU
		{32EEF84F-C3E1-4E2E-8B71-F89B9746673D}.AppStore|x86.ActiveCfg = Release|Any CPU
		{32EEF84F-C3E1-4E2E-8B71-F89B9746673D}.AppStore|x86.Build.0 = Release|Any CPU
		{32EEF84F-C3E1-4E2E-8B71-F89B9746673D}.AppStore|x86.Deploy.0 = Release|Any CPU
		{32EEF84F-C3E1-4E2E-8B71-F89B9746673D}.Debug|Any CPU.ActiveCfg = Debug|Any CPU
		{32EEF84F-C3E1-4E2E-8B71-F89B9746673D}.Debug|Any CPU.Build.0 = Debug|Any CPU
		{32EEF84F-C3E1-4E2E-8B71-F89B9746673D}.Debug|Any CPU.Deploy.0 = Debug|Any CPU
		{32EEF84F-C3E1-4E2E-8B71-F89B9746673D}.Debug|ARM.ActiveCfg = Debug|Any CPU
		{32EEF84F-C3E1-4E2E-8B71-F89B9746673D}.Debug|ARM.Build.0 = Debug|Any CPU
		{32EEF84F-C3E1-4E2E-8B71-F89B9746673D}.Debug|ARM.Deploy.0 = Debug|Any CPU
		{32EEF84F-C3E1-4E2E-8B71-F89B9746673D}.Debug|iPhone.ActiveCfg = Debug|Any CPU
		{32EEF84F-C3E1-4E2E-8B71-F89B9746673D}.Debug|iPhone.Build.0 = Debug|Any CPU
		{32EEF84F-C3E1-4E2E-8B71-F89B9746673D}.Debug|iPhone.Deploy.0 = Debug|Any CPU
		{32EEF84F-C3E1-4E2E-8B71-F89B9746673D}.Debug|iPhoneSimulator.ActiveCfg = Debug|Any CPU
		{32EEF84F-C3E1-4E2E-8B71-F89B9746673D}.Debug|iPhoneSimulator.Build.0 = Debug|Any CPU
		{32EEF84F-C3E1-4E2E-8B71-F89B9746673D}.Debug|iPhoneSimulator.Deploy.0 = Debug|Any CPU
		{32EEF84F-C3E1-4E2E-8B71-F89B9746673D}.Debug|x64.ActiveCfg = Debug|Any CPU
		{32EEF84F-C3E1-4E2E-8B71-F89B9746673D}.Debug|x64.Build.0 = Debug|Any CPU
		{32EEF84F-C3E1-4E2E-8B71-F89B9746673D}.Debug|x64.Deploy.0 = Debug|Any CPU
		{32EEF84F-C3E1-4E2E-8B71-F89B9746673D}.Debug|x86.ActiveCfg = Debug|Any CPU
		{32EEF84F-C3E1-4E2E-8B71-F89B9746673D}.Debug|x86.Build.0 = Debug|Any CPU
		{32EEF84F-C3E1-4E2E-8B71-F89B9746673D}.Debug|x86.Deploy.0 = Debug|Any CPU
		{32EEF84F-C3E1-4E2E-8B71-F89B9746673D}.Release|Any CPU.ActiveCfg = Release|Any CPU
		{32EEF84F-C3E1-4E2E-8B71-F89B9746673D}.Release|Any CPU.Build.0 = Release|Any CPU
		{32EEF84F-C3E1-4E2E-8B71-F89B9746673D}.Release|Any CPU.Deploy.0 = Release|Any CPU
		{32EEF84F-C3E1-4E2E-8B71-F89B9746673D}.Release|ARM.ActiveCfg = Release|Any CPU
		{32EEF84F-C3E1-4E2E-8B71-F89B9746673D}.Release|ARM.Build.0 = Release|Any CPU
		{32EEF84F-C3E1-4E2E-8B71-F89B9746673D}.Release|ARM.Deploy.0 = Release|Any CPU
		{32EEF84F-C3E1-4E2E-8B71-F89B9746673D}.Release|iPhone.ActiveCfg = Release|Any CPU
		{32EEF84F-C3E1-4E2E-8B71-F89B9746673D}.Release|iPhone.Build.0 = Release|Any CPU
		{32EEF84F-C3E1-4E2E-8B71-F89B9746673D}.Release|iPhone.Deploy.0 = Release|Any CPU
		{32EEF84F-C3E1-4E2E-8B71-F89B9746673D}.Release|iPhoneSimulator.ActiveCfg = Release|Any CPU
		{32EEF84F-C3E1-4E2E-8B71-F89B9746673D}.Release|iPhoneSimulator.Build.0 = Release|Any CPU
		{32EEF84F-C3E1-4E2E-8B71-F89B9746673D}.Release|iPhoneSimulator.Deploy.0 = Release|Any CPU
		{32EEF84F-C3E1-4E2E-8B71-F89B9746673D}.Release|x64.ActiveCfg = Release|Any CPU
		{32EEF84F-C3E1-4E2E-8B71-F89B9746673D}.Release|x64.Build.0 = Release|Any CPU
		{32EEF84F-C3E1-4E2E-8B71-F89B9746673D}.Release|x64.Deploy.0 = Release|Any CPU
		{32EEF84F-C3E1-4E2E-8B71-F89B9746673D}.Release|x86.ActiveCfg = Release|Any CPU
		{32EEF84F-C3E1-4E2E-8B71-F89B9746673D}.Release|x86.Build.0 = Release|Any CPU
		{32EEF84F-C3E1-4E2E-8B71-F89B9746673D}.Release|x86.Deploy.0 = Release|Any CPU
		{8FA7D7DA-7C2B-4FAC-BAFF-0203BC986105}.Ad-Hoc|Any CPU.ActiveCfg = Ad-Hoc|iPhone
		{8FA7D7DA-7C2B-4FAC-BAFF-0203BC986105}.Ad-Hoc|Any CPU.Build.0 = Ad-Hoc|iPhone
		{8FA7D7DA-7C2B-4FAC-BAFF-0203BC986105}.Ad-Hoc|Any CPU.Deploy.0 = Ad-Hoc|iPhone
		{8FA7D7DA-7C2B-4FAC-BAFF-0203BC986105}.Ad-Hoc|ARM.ActiveCfg = Ad-Hoc|iPhone
		{8FA7D7DA-7C2B-4FAC-BAFF-0203BC986105}.Ad-Hoc|ARM.Build.0 = Ad-Hoc|iPhone
		{8FA7D7DA-7C2B-4FAC-BAFF-0203BC986105}.Ad-Hoc|ARM.Deploy.0 = Ad-Hoc|iPhone
		{8FA7D7DA-7C2B-4FAC-BAFF-0203BC986105}.Ad-Hoc|iPhone.ActiveCfg = Ad-Hoc|iPhone
		{8FA7D7DA-7C2B-4FAC-BAFF-0203BC986105}.Ad-Hoc|iPhone.Build.0 = Ad-Hoc|iPhone
		{8FA7D7DA-7C2B-4FAC-BAFF-0203BC986105}.Ad-Hoc|iPhone.Deploy.0 = Ad-Hoc|iPhone
		{8FA7D7DA-7C2B-4FAC-BAFF-0203BC986105}.Ad-Hoc|iPhoneSimulator.ActiveCfg = Ad-Hoc|iPhoneSimulator
		{8FA7D7DA-7C2B-4FAC-BAFF-0203BC986105}.Ad-Hoc|iPhoneSimulator.Build.0 = Ad-Hoc|iPhoneSimulator
		{8FA7D7DA-7C2B-4FAC-BAFF-0203BC986105}.Ad-Hoc|iPhoneSimulator.Deploy.0 = Ad-Hoc|iPhoneSimulator
		{8FA7D7DA-7C2B-4FAC-BAFF-0203BC986105}.Ad-Hoc|x64.ActiveCfg = Ad-Hoc|iPhone
		{8FA7D7DA-7C2B-4FAC-BAFF-0203BC986105}.Ad-Hoc|x64.Build.0 = Ad-Hoc|iPhone
		{8FA7D7DA-7C2B-4FAC-BAFF-0203BC986105}.Ad-Hoc|x64.Deploy.0 = Ad-Hoc|iPhone
		{8FA7D7DA-7C2B-4FAC-BAFF-0203BC986105}.Ad-Hoc|x86.ActiveCfg = Ad-Hoc|iPhone
		{8FA7D7DA-7C2B-4FAC-BAFF-0203BC986105}.Ad-Hoc|x86.Build.0 = Ad-Hoc|iPhone
		{8FA7D7DA-7C2B-4FAC-BAFF-0203BC986105}.Ad-Hoc|x86.Deploy.0 = Ad-Hoc|iPhone
		{8FA7D7DA-7C2B-4FAC-BAFF-0203BC986105}.AppStore|Any CPU.ActiveCfg = AppStore|iPhone
		{8FA7D7DA-7C2B-4FAC-BAFF-0203BC986105}.AppStore|Any CPU.Build.0 = AppStore|iPhone
		{8FA7D7DA-7C2B-4FAC-BAFF-0203BC986105}.AppStore|Any CPU.Deploy.0 = AppStore|iPhone
		{8FA7D7DA-7C2B-4FAC-BAFF-0203BC986105}.AppStore|ARM.ActiveCfg = AppStore|iPhone
		{8FA7D7DA-7C2B-4FAC-BAFF-0203BC986105}.AppStore|ARM.Build.0 = AppStore|iPhone
		{8FA7D7DA-7C2B-4FAC-BAFF-0203BC986105}.AppStore|ARM.Deploy.0 = AppStore|iPhone
		{8FA7D7DA-7C2B-4FAC-BAFF-0203BC986105}.AppStore|iPhone.ActiveCfg = AppStore|iPhone
		{8FA7D7DA-7C2B-4FAC-BAFF-0203BC986105}.AppStore|iPhone.Build.0 = AppStore|iPhone
		{8FA7D7DA-7C2B-4FAC-BAFF-0203BC986105}.AppStore|iPhone.Deploy.0 = AppStore|iPhone
		{8FA7D7DA-7C2B-4FAC-BAFF-0203BC986105}.AppStore|iPhoneSimulator.ActiveCfg = AppStore|iPhoneSimulator
		{8FA7D7DA-7C2B-4FAC-BAFF-0203BC986105}.AppStore|iPhoneSimulator.Build.0 = AppStore|iPhoneSimulator
		{8FA7D7DA-7C2B-4FAC-BAFF-0203BC986105}.AppStore|iPhoneSimulator.Deploy.0 = AppStore|iPhoneSimulator
		{8FA7D7DA-7C2B-4FAC-BAFF-0203BC986105}.AppStore|x64.ActiveCfg = AppStore|iPhone
		{8FA7D7DA-7C2B-4FAC-BAFF-0203BC986105}.AppStore|x64.Build.0 = AppStore|iPhone
		{8FA7D7DA-7C2B-4FAC-BAFF-0203BC986105}.AppStore|x64.Deploy.0 = AppStore|iPhone
		{8FA7D7DA-7C2B-4FAC-BAFF-0203BC986105}.AppStore|x86.ActiveCfg = AppStore|iPhone
		{8FA7D7DA-7C2B-4FAC-BAFF-0203BC986105}.AppStore|x86.Build.0 = AppStore|iPhone
		{8FA7D7DA-7C2B-4FAC-BAFF-0203BC986105}.AppStore|x86.Deploy.0 = AppStore|iPhone
		{8FA7D7DA-7C2B-4FAC-BAFF-0203BC986105}.Debug|Any CPU.ActiveCfg = Debug|iPhoneSimulator
		{8FA7D7DA-7C2B-4FAC-BAFF-0203BC986105}.Debug|Any CPU.Build.0 = Debug|iPhoneSimulator
		{8FA7D7DA-7C2B-4FAC-BAFF-0203BC986105}.Debug|Any CPU.Deploy.0 = Debug|iPhoneSimulator
		{8FA7D7DA-7C2B-4FAC-BAFF-0203BC986105}.Debug|ARM.ActiveCfg = Debug|iPhone
		{8FA7D7DA-7C2B-4FAC-BAFF-0203BC986105}.Debug|ARM.Build.0 = Debug|iPhone
		{8FA7D7DA-7C2B-4FAC-BAFF-0203BC986105}.Debug|ARM.Deploy.0 = Debug|iPhone
		{8FA7D7DA-7C2B-4FAC-BAFF-0203BC986105}.Debug|iPhone.ActiveCfg = Debug|iPhone
		{8FA7D7DA-7C2B-4FAC-BAFF-0203BC986105}.Debug|iPhone.Build.0 = Debug|iPhone
		{8FA7D7DA-7C2B-4FAC-BAFF-0203BC986105}.Debug|iPhone.Deploy.0 = Debug|iPhone
		{8FA7D7DA-7C2B-4FAC-BAFF-0203BC986105}.Debug|iPhoneSimulator.ActiveCfg = Debug|iPhoneSimulator
		{8FA7D7DA-7C2B-4FAC-BAFF-0203BC986105}.Debug|iPhoneSimulator.Build.0 = Debug|iPhoneSimulator
		{8FA7D7DA-7C2B-4FAC-BAFF-0203BC986105}.Debug|iPhoneSimulator.Deploy.0 = Debug|iPhoneSimulator
		{8FA7D7DA-7C2B-4FAC-BAFF-0203BC986105}.Debug|x64.ActiveCfg = Debug|iPhone
		{8FA7D7DA-7C2B-4FAC-BAFF-0203BC986105}.Debug|x64.Build.0 = Debug|iPhone
		{8FA7D7DA-7C2B-4FAC-BAFF-0203BC986105}.Debug|x64.Deploy.0 = Debug|iPhone
		{8FA7D7DA-7C2B-4FAC-BAFF-0203BC986105}.Debug|x86.ActiveCfg = Debug|iPhone
		{8FA7D7DA-7C2B-4FAC-BAFF-0203BC986105}.Debug|x86.Build.0 = Debug|iPhone
		{8FA7D7DA-7C2B-4FAC-BAFF-0203BC986105}.Debug|x86.Deploy.0 = Debug|iPhone
		{8FA7D7DA-7C2B-4FAC-BAFF-0203BC986105}.Release|Any CPU.ActiveCfg = Release|iPhone
		{8FA7D7DA-7C2B-4FAC-BAFF-0203BC986105}.Release|Any CPU.Build.0 = Release|iPhone
		{8FA7D7DA-7C2B-4FAC-BAFF-0203BC986105}.Release|Any CPU.Deploy.0 = Release|iPhone
		{8FA7D7DA-7C2B-4FAC-BAFF-0203BC986105}.Release|ARM.ActiveCfg = Release|iPhone
		{8FA7D7DA-7C2B-4FAC-BAFF-0203BC986105}.Release|ARM.Build.0 = Release|iPhone
		{8FA7D7DA-7C2B-4FAC-BAFF-0203BC986105}.Release|ARM.Deploy.0 = Release|iPhone
		{8FA7D7DA-7C2B-4FAC-BAFF-0203BC986105}.Release|iPhone.ActiveCfg = Release|iPhone
		{8FA7D7DA-7C2B-4FAC-BAFF-0203BC986105}.Release|iPhone.Build.0 = Release|iPhone
		{8FA7D7DA-7C2B-4FAC-BAFF-0203BC986105}.Release|iPhone.Deploy.0 = Release|iPhone
		{8FA7D7DA-7C2B-4FAC-BAFF-0203BC986105}.Release|iPhoneSimulator.ActiveCfg = Release|iPhoneSimulator
		{8FA7D7DA-7C2B-4FAC-BAFF-0203BC986105}.Release|iPhoneSimulator.Build.0 = Release|iPhoneSimulator
		{8FA7D7DA-7C2B-4FAC-BAFF-0203BC986105}.Release|iPhoneSimulator.Deploy.0 = Release|iPhoneSimulator
		{8FA7D7DA-7C2B-4FAC-BAFF-0203BC986105}.Release|x64.ActiveCfg = Release|iPhone
		{8FA7D7DA-7C2B-4FAC-BAFF-0203BC986105}.Release|x64.Build.0 = Release|iPhone
		{8FA7D7DA-7C2B-4FAC-BAFF-0203BC986105}.Release|x64.Deploy.0 = Release|iPhone
		{8FA7D7DA-7C2B-4FAC-BAFF-0203BC986105}.Release|x86.ActiveCfg = Release|iPhone
		{8FA7D7DA-7C2B-4FAC-BAFF-0203BC986105}.Release|x86.Build.0 = Release|iPhone
		{8FA7D7DA-7C2B-4FAC-BAFF-0203BC986105}.Release|x86.Deploy.0 = Release|iPhone
		{9E89CA0A-4C63-4688-AFA3-6BAEDD1AD45D}.Ad-Hoc|Any CPU.ActiveCfg = Release|x86
		{9E89CA0A-4C63-4688-AFA3-6BAEDD1AD45D}.Ad-Hoc|Any CPU.Build.0 = Release|x86
		{9E89CA0A-4C63-4688-AFA3-6BAEDD1AD45D}.Ad-Hoc|Any CPU.Deploy.0 = Release|x86
		{9E89CA0A-4C63-4688-AFA3-6BAEDD1AD45D}.Ad-Hoc|ARM.ActiveCfg = Release|ARM
		{9E89CA0A-4C63-4688-AFA3-6BAEDD1AD45D}.Ad-Hoc|ARM.Build.0 = Release|ARM
		{9E89CA0A-4C63-4688-AFA3-6BAEDD1AD45D}.Ad-Hoc|ARM.Deploy.0 = Release|ARM
		{9E89CA0A-4C63-4688-AFA3-6BAEDD1AD45D}.Ad-Hoc|iPhone.ActiveCfg = Release|x86
		{9E89CA0A-4C63-4688-AFA3-6BAEDD1AD45D}.Ad-Hoc|iPhone.Build.0 = Release|x86
		{9E89CA0A-4C63-4688-AFA3-6BAEDD1AD45D}.Ad-Hoc|iPhone.Deploy.0 = Release|x86
		{9E89CA0A-4C63-4688-AFA3-6BAEDD1AD45D}.Ad-Hoc|iPhoneSimulator.ActiveCfg = Release|x86
		{9E89CA0A-4C63-4688-AFA3-6BAEDD1AD45D}.Ad-Hoc|iPhoneSimulator.Build.0 = Release|x86
		{9E89CA0A-4C63-4688-AFA3-6BAEDD1AD45D}.Ad-Hoc|iPhoneSimulator.Deploy.0 = Release|x86
		{9E89CA0A-4C63-4688-AFA3-6BAEDD1AD45D}.Ad-Hoc|x64.ActiveCfg = Release|x64
		{9E89CA0A-4C63-4688-AFA3-6BAEDD1AD45D}.Ad-Hoc|x64.Build.0 = Release|x64
		{9E89CA0A-4C63-4688-AFA3-6BAEDD1AD45D}.Ad-Hoc|x64.Deploy.0 = Release|x64
		{9E89CA0A-4C63-4688-AFA3-6BAEDD1AD45D}.Ad-Hoc|x86.ActiveCfg = Release|x86
		{9E89CA0A-4C63-4688-AFA3-6BAEDD1AD45D}.Ad-Hoc|x86.Build.0 = Release|x86
		{9E89CA0A-4C63-4688-AFA3-6BAEDD1AD45D}.Ad-Hoc|x86.Deploy.0 = Release|x86
		{9E89CA0A-4C63-4688-AFA3-6BAEDD1AD45D}.AppStore|Any CPU.ActiveCfg = Release|x86
		{9E89CA0A-4C63-4688-AFA3-6BAEDD1AD45D}.AppStore|Any CPU.Build.0 = Release|x86
		{9E89CA0A-4C63-4688-AFA3-6BAEDD1AD45D}.AppStore|Any CPU.Deploy.0 = Release|x86
		{9E89CA0A-4C63-4688-AFA3-6BAEDD1AD45D}.AppStore|ARM.ActiveCfg = Release|ARM
		{9E89CA0A-4C63-4688-AFA3-6BAEDD1AD45D}.AppStore|ARM.Build.0 = Release|ARM
		{9E89CA0A-4C63-4688-AFA3-6BAEDD1AD45D}.AppStore|ARM.Deploy.0 = Release|ARM
		{9E89CA0A-4C63-4688-AFA3-6BAEDD1AD45D}.AppStore|iPhone.ActiveCfg = Release|x86
		{9E89CA0A-4C63-4688-AFA3-6BAEDD1AD45D}.AppStore|iPhone.Build.0 = Release|x86
		{9E89CA0A-4C63-4688-AFA3-6BAEDD1AD45D}.AppStore|iPhone.Deploy.0 = Release|x86
		{9E89CA0A-4C63-4688-AFA3-6BAEDD1AD45D}.AppStore|iPhoneSimulator.ActiveCfg = Release|x86
		{9E89CA0A-4C63-4688-AFA3-6BAEDD1AD45D}.AppStore|iPhoneSimulator.Build.0 = Release|x86
		{9E89CA0A-4C63-4688-AFA3-6BAEDD1AD45D}.AppStore|iPhoneSimulator.Deploy.0 = Release|x86
		{9E89CA0A-4C63-4688-AFA3-6BAEDD1AD45D}.AppStore|x64.ActiveCfg = Release|x64
		{9E89CA0A-4C63-4688-AFA3-6BAEDD1AD45D}.AppStore|x64.Build.0 = Release|x64
		{9E89CA0A-4C63-4688-AFA3-6BAEDD1AD45D}.AppStore|x64.Deploy.0 = Release|x64
		{9E89CA0A-4C63-4688-AFA3-6BAEDD1AD45D}.AppStore|x86.ActiveCfg = Release|x86
		{9E89CA0A-4C63-4688-AFA3-6BAEDD1AD45D}.AppStore|x86.Build.0 = Release|x86
		{9E89CA0A-4C63-4688-AFA3-6BAEDD1AD45D}.AppStore|x86.Deploy.0 = Release|x86
		{9E89CA0A-4C63-4688-AFA3-6BAEDD1AD45D}.Debug|Any CPU.ActiveCfg = Debug|x86
		{9E89CA0A-4C63-4688-AFA3-6BAEDD1AD45D}.Debug|Any CPU.Build.0 = Debug|x86
		{9E89CA0A-4C63-4688-AFA3-6BAEDD1AD45D}.Debug|Any CPU.Deploy.0 = Debug|x86
		{9E89CA0A-4C63-4688-AFA3-6BAEDD1AD45D}.Debug|ARM.ActiveCfg = Debug|ARM
		{9E89CA0A-4C63-4688-AFA3-6BAEDD1AD45D}.Debug|ARM.Build.0 = Debug|ARM
		{9E89CA0A-4C63-4688-AFA3-6BAEDD1AD45D}.Debug|ARM.Deploy.0 = Debug|ARM
		{9E89CA0A-4C63-4688-AFA3-6BAEDD1AD45D}.Debug|iPhone.ActiveCfg = Debug|x86
		{9E89CA0A-4C63-4688-AFA3-6BAEDD1AD45D}.Debug|iPhone.Build.0 = Debug|x86
		{9E89CA0A-4C63-4688-AFA3-6BAEDD1AD45D}.Debug|iPhone.Deploy.0 = Debug|x86
		{9E89CA0A-4C63-4688-AFA3-6BAEDD1AD45D}.Debug|iPhoneSimulator.ActiveCfg = Debug|x86
		{9E89CA0A-4C63-4688-AFA3-6BAEDD1AD45D}.Debug|iPhoneSimulator.Build.0 = Debug|x86
		{9E89CA0A-4C63-4688-AFA3-6BAEDD1AD45D}.Debug|iPhoneSimulator.Deploy.0 = Debug|x86
		{9E89CA0A-4C63-4688-AFA3-6BAEDD1AD45D}.Debug|x64.ActiveCfg = Debug|x64
		{9E89CA0A-4C63-4688-AFA3-6BAEDD1AD45D}.Debug|x64.Build.0 = Debug|x64
		{9E89CA0A-4C63-4688-AFA3-6BAEDD1AD45D}.Debug|x64.Deploy.0 = Debug|x64
		{9E89CA0A-4C63-4688-AFA3-6BAEDD1AD45D}.Debug|x86.ActiveCfg = Debug|x86
		{9E89CA0A-4C63-4688-AFA3-6BAEDD1AD45D}.Debug|x86.Build.0 = Debug|x86
		{9E89CA0A-4C63-4688-AFA3-6BAEDD1AD45D}.Debug|x86.Deploy.0 = Debug|x86
		{9E89CA0A-4C63-4688-AFA3-6BAEDD1AD45D}.Release|Any CPU.ActiveCfg = Release|x86
		{9E89CA0A-4C63-4688-AFA3-6BAEDD1AD45D}.Release|Any CPU.Build.0 = Release|x86
		{9E89CA0A-4C63-4688-AFA3-6BAEDD1AD45D}.Release|Any CPU.Deploy.0 = Release|x86
		{9E89CA0A-4C63-4688-AFA3-6BAEDD1AD45D}.Release|ARM.ActiveCfg = Release|ARM
		{9E89CA0A-4C63-4688-AFA3-6BAEDD1AD45D}.Release|ARM.Build.0 = Release|ARM
		{9E89CA0A-4C63-4688-AFA3-6BAEDD1AD45D}.Release|ARM.Deploy.0 = Release|ARM
		{9E89CA0A-4C63-4688-AFA3-6BAEDD1AD45D}.Release|iPhone.ActiveCfg = Release|x86
		{9E89CA0A-4C63-4688-AFA3-6BAEDD1AD45D}.Release|iPhone.Build.0 = Release|x86
		{9E89CA0A-4C63-4688-AFA3-6BAEDD1AD45D}.Release|iPhone.Deploy.0 = Release|x86
		{9E89CA0A-4C63-4688-AFA3-6BAEDD1AD45D}.Release|iPhoneSimulator.ActiveCfg = Release|x86
		{9E89CA0A-4C63-4688-AFA3-6BAEDD1AD45D}.Release|iPhoneSimulator.Build.0 = Release|x86
		{9E89CA0A-4C63-4688-AFA3-6BAEDD1AD45D}.Release|iPhoneSimulator.Deploy.0 = Release|x86
		{9E89CA0A-4C63-4688-AFA3-6BAEDD1AD45D}.Release|x64.ActiveCfg = Release|x64
		{9E89CA0A-4C63-4688-AFA3-6BAEDD1AD45D}.Release|x64.Build.0 = Release|x64
		{9E89CA0A-4C63-4688-AFA3-6BAEDD1AD45D}.Release|x64.Deploy.0 = Release|x64
		{9E89CA0A-4C63-4688-AFA3-6BAEDD1AD45D}.Release|x86.ActiveCfg = Release|x86
		{9E89CA0A-4C63-4688-AFA3-6BAEDD1AD45D}.Release|x86.Build.0 = Release|x86
		{9E89CA0A-4C63-4688-AFA3-6BAEDD1AD45D}.Release|x86.Deploy.0 = Release|x86
		{720A46D2-5F6B-48CE-9505-BB33C0D5966F}.Ad-Hoc|Any CPU.ActiveCfg = Debug|Any CPU
		{720A46D2-5F6B-48CE-9505-BB33C0D5966F}.Ad-Hoc|Any CPU.Build.0 = Debug|Any CPU
		{720A46D2-5F6B-48CE-9505-BB33C0D5966F}.Ad-Hoc|Any CPU.Deploy.0 = Debug|Any CPU
		{720A46D2-5F6B-48CE-9505-BB33C0D5966F}.Ad-Hoc|ARM.ActiveCfg = Debug|Any CPU
		{720A46D2-5F6B-48CE-9505-BB33C0D5966F}.Ad-Hoc|ARM.Build.0 = Debug|Any CPU
		{720A46D2-5F6B-48CE-9505-BB33C0D5966F}.Ad-Hoc|ARM.Deploy.0 = Debug|Any CPU
		{720A46D2-5F6B-48CE-9505-BB33C0D5966F}.Ad-Hoc|iPhone.ActiveCfg = Debug|Any CPU
		{720A46D2-5F6B-48CE-9505-BB33C0D5966F}.Ad-Hoc|iPhone.Build.0 = Debug|Any CPU
		{720A46D2-5F6B-48CE-9505-BB33C0D5966F}.Ad-Hoc|iPhone.Deploy.0 = Debug|Any CPU
		{720A46D2-5F6B-48CE-9505-BB33C0D5966F}.Ad-Hoc|iPhoneSimulator.ActiveCfg = Debug|Any CPU
		{720A46D2-5F6B-48CE-9505-BB33C0D5966F}.Ad-Hoc|iPhoneSimulator.Build.0 = Debug|Any CPU
		{720A46D2-5F6B-48CE-9505-BB33C0D5966F}.Ad-Hoc|iPhoneSimulator.Deploy.0 = Debug|Any CPU
		{720A46D2-5F6B-48CE-9505-BB33C0D5966F}.Ad-Hoc|x64.ActiveCfg = Debug|Any CPU
		{720A46D2-5F6B-48CE-9505-BB33C0D5966F}.Ad-Hoc|x64.Build.0 = Debug|Any CPU
		{720A46D2-5F6B-48CE-9505-BB33C0D5966F}.Ad-Hoc|x64.Deploy.0 = Debug|Any CPU
		{720A46D2-5F6B-48CE-9505-BB33C0D5966F}.Ad-Hoc|x86.ActiveCfg = Debug|Any CPU
		{720A46D2-5F6B-48CE-9505-BB33C0D5966F}.Ad-Hoc|x86.Build.0 = Debug|Any CPU
		{720A46D2-5F6B-48CE-9505-BB33C0D5966F}.Ad-Hoc|x86.Deploy.0 = Debug|Any CPU
		{720A46D2-5F6B-48CE-9505-BB33C0D5966F}.AppStore|Any CPU.ActiveCfg = Debug|Any CPU
		{720A46D2-5F6B-48CE-9505-BB33C0D5966F}.AppStore|Any CPU.Build.0 = Debug|Any CPU
		{720A46D2-5F6B-48CE-9505-BB33C0D5966F}.AppStore|Any CPU.Deploy.0 = Debug|Any CPU
		{720A46D2-5F6B-48CE-9505-BB33C0D5966F}.AppStore|ARM.ActiveCfg = Debug|Any CPU
		{720A46D2-5F6B-48CE-9505-BB33C0D5966F}.AppStore|ARM.Build.0 = Debug|Any CPU
		{720A46D2-5F6B-48CE-9505-BB33C0D5966F}.AppStore|ARM.Deploy.0 = Debug|Any CPU
		{720A46D2-5F6B-48CE-9505-BB33C0D5966F}.AppStore|iPhone.ActiveCfg = Debug|Any CPU
		{720A46D2-5F6B-48CE-9505-BB33C0D5966F}.AppStore|iPhone.Build.0 = Debug|Any CPU
		{720A46D2-5F6B-48CE-9505-BB33C0D5966F}.AppStore|iPhone.Deploy.0 = Debug|Any CPU
		{720A46D2-5F6B-48CE-9505-BB33C0D5966F}.AppStore|iPhoneSimulator.ActiveCfg = Debug|Any CPU
		{720A46D2-5F6B-48CE-9505-BB33C0D5966F}.AppStore|iPhoneSimulator.Build.0 = Debug|Any CPU
		{720A46D2-5F6B-48CE-9505-BB33C0D5966F}.AppStore|iPhoneSimulator.Deploy.0 = Debug|Any CPU
		{720A46D2-5F6B-48CE-9505-BB33C0D5966F}.AppStore|x64.ActiveCfg = Debug|Any CPU
		{720A46D2-5F6B-48CE-9505-BB33C0D5966F}.AppStore|x64.Build.0 = Debug|Any CPU
		{720A46D2-5F6B-48CE-9505-BB33C0D5966F}.AppStore|x64.Deploy.0 = Debug|Any CPU
		{720A46D2-5F6B-48CE-9505-BB33C0D5966F}.AppStore|x86.ActiveCfg = Debug|Any CPU
		{720A46D2-5F6B-48CE-9505-BB33C0D5966F}.AppStore|x86.Build.0 = Debug|Any CPU
		{720A46D2-5F6B-48CE-9505-BB33C0D5966F}.AppStore|x86.Deploy.0 = Debug|Any CPU
		{720A46D2-5F6B-48CE-9505-BB33C0D5966F}.Debug|Any CPU.ActiveCfg = Debug|Any CPU
		{720A46D2-5F6B-48CE-9505-BB33C0D5966F}.Debug|Any CPU.Build.0 = Debug|Any CPU
		{720A46D2-5F6B-48CE-9505-BB33C0D5966F}.Debug|Any CPU.Deploy.0 = Debug|Any CPU
		{720A46D2-5F6B-48CE-9505-BB33C0D5966F}.Debug|ARM.ActiveCfg = Debug|Any CPU
		{720A46D2-5F6B-48CE-9505-BB33C0D5966F}.Debug|ARM.Build.0 = Debug|Any CPU
		{720A46D2-5F6B-48CE-9505-BB33C0D5966F}.Debug|ARM.Deploy.0 = Debug|Any CPU
		{720A46D2-5F6B-48CE-9505-BB33C0D5966F}.Debug|iPhone.ActiveCfg = Debug|Any CPU
		{720A46D2-5F6B-48CE-9505-BB33C0D5966F}.Debug|iPhone.Build.0 = Debug|Any CPU
		{720A46D2-5F6B-48CE-9505-BB33C0D5966F}.Debug|iPhone.Deploy.0 = Debug|Any CPU
		{720A46D2-5F6B-48CE-9505-BB33C0D5966F}.Debug|iPhoneSimulator.ActiveCfg = Debug|Any CPU
		{720A46D2-5F6B-48CE-9505-BB33C0D5966F}.Debug|iPhoneSimulator.Build.0 = Debug|Any CPU
		{720A46D2-5F6B-48CE-9505-BB33C0D5966F}.Debug|iPhoneSimulator.Deploy.0 = Debug|Any CPU
		{720A46D2-5F6B-48CE-9505-BB33C0D5966F}.Debug|x64.ActiveCfg = Debug|Any CPU
		{720A46D2-5F6B-48CE-9505-BB33C0D5966F}.Debug|x64.Build.0 = Debug|Any CPU
		{720A46D2-5F6B-48CE-9505-BB33C0D5966F}.Debug|x64.Deploy.0 = Debug|Any CPU
		{720A46D2-5F6B-48CE-9505-BB33C0D5966F}.Debug|x86.ActiveCfg = Debug|Any CPU
		{720A46D2-5F6B-48CE-9505-BB33C0D5966F}.Debug|x86.Build.0 = Debug|Any CPU
		{720A46D2-5F6B-48CE-9505-BB33C0D5966F}.Debug|x86.Deploy.0 = Debug|Any CPU
		{720A46D2-5F6B-48CE-9505-BB33C0D5966F}.Release|Any CPU.ActiveCfg = Release|Any CPU
		{720A46D2-5F6B-48CE-9505-BB33C0D5966F}.Release|Any CPU.Build.0 = Release|Any CPU
		{720A46D2-5F6B-48CE-9505-BB33C0D5966F}.Release|Any CPU.Deploy.0 = Release|Any CPU
		{720A46D2-5F6B-48CE-9505-BB33C0D5966F}.Release|ARM.ActiveCfg = Release|Any CPU
		{720A46D2-5F6B-48CE-9505-BB33C0D5966F}.Release|ARM.Build.0 = Release|Any CPU
		{720A46D2-5F6B-48CE-9505-BB33C0D5966F}.Release|ARM.Deploy.0 = Release|Any CPU
		{720A46D2-5F6B-48CE-9505-BB33C0D5966F}.Release|iPhone.ActiveCfg = Release|Any CPU
		{720A46D2-5F6B-48CE-9505-BB33C0D5966F}.Release|iPhone.Build.0 = Release|Any CPU
		{720A46D2-5F6B-48CE-9505-BB33C0D5966F}.Release|iPhone.Deploy.0 = Release|Any CPU
		{720A46D2-5F6B-48CE-9505-BB33C0D5966F}.Release|iPhoneSimulator.ActiveCfg = Release|Any CPU
		{720A46D2-5F6B-48CE-9505-BB33C0D5966F}.Release|iPhoneSimulator.Build.0 = Release|Any CPU
		{720A46D2-5F6B-48CE-9505-BB33C0D5966F}.Release|iPhoneSimulator.Deploy.0 = Release|Any CPU
		{720A46D2-5F6B-48CE-9505-BB33C0D5966F}.Release|x64.ActiveCfg = Release|Any CPU
		{720A46D2-5F6B-48CE-9505-BB33C0D5966F}.Release|x64.Build.0 = Release|Any CPU
		{720A46D2-5F6B-48CE-9505-BB33C0D5966F}.Release|x64.Deploy.0 = Release|Any CPU
		{720A46D2-5F6B-48CE-9505-BB33C0D5966F}.Release|x86.ActiveCfg = Release|Any CPU
		{720A46D2-5F6B-48CE-9505-BB33C0D5966F}.Release|x86.Build.0 = Release|Any CPU
		{720A46D2-5F6B-48CE-9505-BB33C0D5966F}.Release|x86.Deploy.0 = Release|Any CPU
		{3742205B-12E3-48D3-ACCA-80E5B5A26CE5}.Ad-Hoc|Any CPU.ActiveCfg = Release|Any CPU
		{3742205B-12E3-48D3-ACCA-80E5B5A26CE5}.Ad-Hoc|Any CPU.Build.0 = Release|Any CPU
		{3742205B-12E3-48D3-ACCA-80E5B5A26CE5}.Ad-Hoc|ARM.ActiveCfg = Release|Any CPU
		{3742205B-12E3-48D3-ACCA-80E5B5A26CE5}.Ad-Hoc|ARM.Build.0 = Release|Any CPU
		{3742205B-12E3-48D3-ACCA-80E5B5A26CE5}.Ad-Hoc|iPhone.ActiveCfg = Release|Any CPU
		{3742205B-12E3-48D3-ACCA-80E5B5A26CE5}.Ad-Hoc|iPhone.Build.0 = Release|Any CPU
		{3742205B-12E3-48D3-ACCA-80E5B5A26CE5}.Ad-Hoc|iPhoneSimulator.ActiveCfg = Release|Any CPU
		{3742205B-12E3-48D3-ACCA-80E5B5A26CE5}.Ad-Hoc|iPhoneSimulator.Build.0 = Release|Any CPU
		{3742205B-12E3-48D3-ACCA-80E5B5A26CE5}.Ad-Hoc|x64.ActiveCfg = Release|Any CPU
		{3742205B-12E3-48D3-ACCA-80E5B5A26CE5}.Ad-Hoc|x64.Build.0 = Release|Any CPU
		{3742205B-12E3-48D3-ACCA-80E5B5A26CE5}.Ad-Hoc|x86.ActiveCfg = Release|Any CPU
		{3742205B-12E3-48D3-ACCA-80E5B5A26CE5}.Ad-Hoc|x86.Build.0 = Release|Any CPU
		{3742205B-12E3-48D3-ACCA-80E5B5A26CE5}.AppStore|Any CPU.ActiveCfg = Release|Any CPU
		{3742205B-12E3-48D3-ACCA-80E5B5A26CE5}.AppStore|Any CPU.Build.0 = Release|Any CPU
		{3742205B-12E3-48D3-ACCA-80E5B5A26CE5}.AppStore|ARM.ActiveCfg = Release|Any CPU
		{3742205B-12E3-48D3-ACCA-80E5B5A26CE5}.AppStore|ARM.Build.0 = Release|Any CPU
		{3742205B-12E3-48D3-ACCA-80E5B5A26CE5}.AppStore|iPhone.ActiveCfg = Release|Any CPU
		{3742205B-12E3-48D3-ACCA-80E5B5A26CE5}.AppStore|iPhone.Build.0 = Release|Any CPU
		{3742205B-12E3-48D3-ACCA-80E5B5A26CE5}.AppStore|iPhoneSimulator.ActiveCfg = Release|Any CPU
		{3742205B-12E3-48D3-ACCA-80E5B5A26CE5}.AppStore|iPhoneSimulator.Build.0 = Release|Any CPU
		{3742205B-12E3-48D3-ACCA-80E5B5A26CE5}.AppStore|x64.ActiveCfg = Release|Any CPU
		{3742205B-12E3-48D3-ACCA-80E5B5A26CE5}.AppStore|x64.Build.0 = Release|Any CPU
		{3742205B-12E3-48D3-ACCA-80E5B5A26CE5}.AppStore|x86.ActiveCfg = Release|Any CPU
		{3742205B-12E3-48D3-ACCA-80E5B5A26CE5}.AppStore|x86.Build.0 = Release|Any CPU
		{3742205B-12E3-48D3-ACCA-80E5B5A26CE5}.Debug|Any CPU.ActiveCfg = Debug|Any CPU
		{3742205B-12E3-48D3-ACCA-80E5B5A26CE5}.Debug|Any CPU.Build.0 = Debug|Any CPU
		{3742205B-12E3-48D3-ACCA-80E5B5A26CE5}.Debug|ARM.ActiveCfg = Debug|Any CPU
		{3742205B-12E3-48D3-ACCA-80E5B5A26CE5}.Debug|ARM.Build.0 = Debug|Any CPU
		{3742205B-12E3-48D3-ACCA-80E5B5A26CE5}.Debug|iPhone.ActiveCfg = Debug|Any CPU
		{3742205B-12E3-48D3-ACCA-80E5B5A26CE5}.Debug|iPhone.Build.0 = Debug|Any CPU
		{3742205B-12E3-48D3-ACCA-80E5B5A26CE5}.Debug|iPhoneSimulator.ActiveCfg = Debug|Any CPU
		{3742205B-12E3-48D3-ACCA-80E5B5A26CE5}.Debug|iPhoneSimulator.Build.0 = Debug|Any CPU
		{3742205B-12E3-48D3-ACCA-80E5B5A26CE5}.Debug|x64.ActiveCfg = Debug|Any CPU
		{3742205B-12E3-48D3-ACCA-80E5B5A26CE5}.Debug|x64.Build.0 = Debug|Any CPU
		{3742205B-12E3-48D3-ACCA-80E5B5A26CE5}.Debug|x86.ActiveCfg = Debug|Any CPU
		{3742205B-12E3-48D3-ACCA-80E5B5A26CE5}.Debug|x86.Build.0 = Debug|Any CPU
		{3742205B-12E3-48D3-ACCA-80E5B5A26CE5}.Release|Any CPU.ActiveCfg = Release|Any CPU
		{3742205B-12E3-48D3-ACCA-80E5B5A26CE5}.Release|Any CPU.Build.0 = Release|Any CPU
		{3742205B-12E3-48D3-ACCA-80E5B5A26CE5}.Release|ARM.ActiveCfg = Release|Any CPU
		{3742205B-12E3-48D3-ACCA-80E5B5A26CE5}.Release|ARM.Build.0 = Release|Any CPU
		{3742205B-12E3-48D3-ACCA-80E5B5A26CE5}.Release|iPhone.ActiveCfg = Release|Any CPU
		{3742205B-12E3-48D3-ACCA-80E5B5A26CE5}.Release|iPhone.Build.0 = Release|Any CPU
		{3742205B-12E3-48D3-ACCA-80E5B5A26CE5}.Release|iPhoneSimulator.ActiveCfg = Release|Any CPU
		{3742205B-12E3-48D3-ACCA-80E5B5A26CE5}.Release|iPhoneSimulator.Build.0 = Release|Any CPU
		{3742205B-12E3-48D3-ACCA-80E5B5A26CE5}.Release|x64.ActiveCfg = Release|Any CPU
		{3742205B-12E3-48D3-ACCA-80E5B5A26CE5}.Release|x64.Build.0 = Release|Any CPU
		{3742205B-12E3-48D3-ACCA-80E5B5A26CE5}.Release|x86.ActiveCfg = Release|Any CPU
		{3742205B-12E3-48D3-ACCA-80E5B5A26CE5}.Release|x86.Build.0 = Release|Any CPU
		{CC909A99-79CF-49A2-9909-8E267C90E277}.Ad-Hoc|Any CPU.ActiveCfg = Release|Any CPU
		{CC909A99-79CF-49A2-9909-8E267C90E277}.Ad-Hoc|Any CPU.Build.0 = Release|Any CPU
		{CC909A99-79CF-49A2-9909-8E267C90E277}.Ad-Hoc|ARM.ActiveCfg = Release|Any CPU
		{CC909A99-79CF-49A2-9909-8E267C90E277}.Ad-Hoc|ARM.Build.0 = Release|Any CPU
		{CC909A99-79CF-49A2-9909-8E267C90E277}.Ad-Hoc|iPhone.ActiveCfg = Release|Any CPU
		{CC909A99-79CF-49A2-9909-8E267C90E277}.Ad-Hoc|iPhone.Build.0 = Release|Any CPU
		{CC909A99-79CF-49A2-9909-8E267C90E277}.Ad-Hoc|iPhoneSimulator.ActiveCfg = Release|Any CPU
		{CC909A99-79CF-49A2-9909-8E267C90E277}.Ad-Hoc|iPhoneSimulator.Build.0 = Release|Any CPU
		{CC909A99-79CF-49A2-9909-8E267C90E277}.Ad-Hoc|x64.ActiveCfg = Release|Any CPU
		{CC909A99-79CF-49A2-9909-8E267C90E277}.Ad-Hoc|x64.Build.0 = Release|Any CPU
		{CC909A99-79CF-49A2-9909-8E267C90E277}.Ad-Hoc|x86.ActiveCfg = Release|Any CPU
		{CC909A99-79CF-49A2-9909-8E267C90E277}.Ad-Hoc|x86.Build.0 = Release|Any CPU
		{CC909A99-79CF-49A2-9909-8E267C90E277}.AppStore|Any CPU.ActiveCfg = Release|Any CPU
		{CC909A99-79CF-49A2-9909-8E267C90E277}.AppStore|Any CPU.Build.0 = Release|Any CPU
		{CC909A99-79CF-49A2-9909-8E267C90E277}.AppStore|ARM.ActiveCfg = Release|Any CPU
		{CC909A99-79CF-49A2-9909-8E267C90E277}.AppStore|ARM.Build.0 = Release|Any CPU
		{CC909A99-79CF-49A2-9909-8E267C90E277}.AppStore|iPhone.ActiveCfg = Release|Any CPU
		{CC909A99-79CF-49A2-9909-8E267C90E277}.AppStore|iPhone.Build.0 = Release|Any CPU
		{CC909A99-79CF-49A2-9909-8E267C90E277}.AppStore|iPhoneSimulator.ActiveCfg = Release|Any CPU
		{CC909A99-79CF-49A2-9909-8E267C90E277}.AppStore|iPhoneSimulator.Build.0 = Release|Any CPU
		{CC909A99-79CF-49A2-9909-8E267C90E277}.AppStore|x64.ActiveCfg = Release|Any CPU
		{CC909A99-79CF-49A2-9909-8E267C90E277}.AppStore|x64.Build.0 = Release|Any CPU
		{CC909A99-79CF-49A2-9909-8E267C90E277}.AppStore|x86.ActiveCfg = Release|Any CPU
		{CC909A99-79CF-49A2-9909-8E267C90E277}.AppStore|x86.Build.0 = Release|Any CPU
		{CC909A99-79CF-49A2-9909-8E267C90E277}.Debug|Any CPU.ActiveCfg = Debug|Any CPU
		{CC909A99-79CF-49A2-9909-8E267C90E277}.Debug|Any CPU.Build.0 = Debug|Any CPU
		{CC909A99-79CF-49A2-9909-8E267C90E277}.Debug|ARM.ActiveCfg = Debug|Any CPU
		{CC909A99-79CF-49A2-9909-8E267C90E277}.Debug|ARM.Build.0 = Debug|Any CPU
		{CC909A99-79CF-49A2-9909-8E267C90E277}.Debug|iPhone.ActiveCfg = Debug|Any CPU
		{CC909A99-79CF-49A2-9909-8E267C90E277}.Debug|iPhone.Build.0 = Debug|Any CPU
		{CC909A99-79CF-49A2-9909-8E267C90E277}.Debug|iPhoneSimulator.ActiveCfg = Debug|Any CPU
		{CC909A99-79CF-49A2-9909-8E267C90E277}.Debug|iPhoneSimulator.Build.0 = Debug|Any CPU
		{CC909A99-79CF-49A2-9909-8E267C90E277}.Debug|x64.ActiveCfg = Debug|Any CPU
		{CC909A99-79CF-49A2-9909-8E267C90E277}.Debug|x64.Build.0 = Debug|Any CPU
		{CC909A99-79CF-49A2-9909-8E267C90E277}.Debug|x86.ActiveCfg = Debug|Any CPU
		{CC909A99-79CF-49A2-9909-8E267C90E277}.Debug|x86.Build.0 = Debug|Any CPU
		{CC909A99-79CF-49A2-9909-8E267C90E277}.Release|Any CPU.ActiveCfg = Release|Any CPU
		{CC909A99-79CF-49A2-9909-8E267C90E277}.Release|Any CPU.Build.0 = Release|Any CPU
		{CC909A99-79CF-49A2-9909-8E267C90E277}.Release|ARM.ActiveCfg = Release|Any CPU
		{CC909A99-79CF-49A2-9909-8E267C90E277}.Release|ARM.Build.0 = Release|Any CPU
		{CC909A99-79CF-49A2-9909-8E267C90E277}.Release|iPhone.ActiveCfg = Release|Any CPU
		{CC909A99-79CF-49A2-9909-8E267C90E277}.Release|iPhone.Build.0 = Release|Any CPU
		{CC909A99-79CF-49A2-9909-8E267C90E277}.Release|iPhoneSimulator.ActiveCfg = Release|Any CPU
		{CC909A99-79CF-49A2-9909-8E267C90E277}.Release|iPhoneSimulator.Build.0 = Release|Any CPU
		{CC909A99-79CF-49A2-9909-8E267C90E277}.Release|x64.ActiveCfg = Release|Any CPU
		{CC909A99-79CF-49A2-9909-8E267C90E277}.Release|x64.Build.0 = Release|Any CPU
		{CC909A99-79CF-49A2-9909-8E267C90E277}.Release|x86.ActiveCfg = Release|Any CPU
		{CC909A99-79CF-49A2-9909-8E267C90E277}.Release|x86.Build.0 = Release|Any CPU
		{CA221962-063B-4720-B224-C6F1595EF87D}.Ad-Hoc|Any CPU.ActiveCfg = Release|Any CPU
		{CA221962-063B-4720-B224-C6F1595EF87D}.Ad-Hoc|Any CPU.Build.0 = Release|Any CPU
		{CA221962-063B-4720-B224-C6F1595EF87D}.Ad-Hoc|ARM.ActiveCfg = Release|Any CPU
		{CA221962-063B-4720-B224-C6F1595EF87D}.Ad-Hoc|ARM.Build.0 = Release|Any CPU
		{CA221962-063B-4720-B224-C6F1595EF87D}.Ad-Hoc|iPhone.ActiveCfg = Release|Any CPU
		{CA221962-063B-4720-B224-C6F1595EF87D}.Ad-Hoc|iPhone.Build.0 = Release|Any CPU
		{CA221962-063B-4720-B224-C6F1595EF87D}.Ad-Hoc|iPhoneSimulator.ActiveCfg = Release|Any CPU
		{CA221962-063B-4720-B224-C6F1595EF87D}.Ad-Hoc|iPhoneSimulator.Build.0 = Release|Any CPU
		{CA221962-063B-4720-B224-C6F1595EF87D}.Ad-Hoc|x64.ActiveCfg = Release|Any CPU
		{CA221962-063B-4720-B224-C6F1595EF87D}.Ad-Hoc|x64.Build.0 = Release|Any CPU
		{CA221962-063B-4720-B224-C6F1595EF87D}.Ad-Hoc|x86.ActiveCfg = Release|Any CPU
		{CA221962-063B-4720-B224-C6F1595EF87D}.Ad-Hoc|x86.Build.0 = Release|Any CPU
		{CA221962-063B-4720-B224-C6F1595EF87D}.AppStore|Any CPU.ActiveCfg = Release|Any CPU
		{CA221962-063B-4720-B224-C6F1595EF87D}.AppStore|Any CPU.Build.0 = Release|Any CPU
		{CA221962-063B-4720-B224-C6F1595EF87D}.AppStore|ARM.ActiveCfg = Release|Any CPU
		{CA221962-063B-4720-B224-C6F1595EF87D}.AppStore|ARM.Build.0 = Release|Any CPU
		{CA221962-063B-4720-B224-C6F1595EF87D}.AppStore|iPhone.ActiveCfg = Release|Any CPU
		{CA221962-063B-4720-B224-C6F1595EF87D}.AppStore|iPhone.Build.0 = Release|Any CPU
		{CA221962-063B-4720-B224-C6F1595EF87D}.AppStore|iPhoneSimulator.ActiveCfg = Release|Any CPU
		{CA221962-063B-4720-B224-C6F1595EF87D}.AppStore|iPhoneSimulator.Build.0 = Release|Any CPU
		{CA221962-063B-4720-B224-C6F1595EF87D}.AppStore|x64.ActiveCfg = Release|Any CPU
		{CA221962-063B-4720-B224-C6F1595EF87D}.AppStore|x64.Build.0 = Release|Any CPU
		{CA221962-063B-4720-B224-C6F1595EF87D}.AppStore|x86.ActiveCfg = Release|Any CPU
		{CA221962-063B-4720-B224-C6F1595EF87D}.AppStore|x86.Build.0 = Release|Any CPU
		{CA221962-063B-4720-B224-C6F1595EF87D}.Debug|Any CPU.ActiveCfg = Debug|Any CPU
		{CA221962-063B-4720-B224-C6F1595EF87D}.Debug|Any CPU.Build.0 = Debug|Any CPU
		{CA221962-063B-4720-B224-C6F1595EF87D}.Debug|ARM.ActiveCfg = Debug|Any CPU
		{CA221962-063B-4720-B224-C6F1595EF87D}.Debug|ARM.Build.0 = Debug|Any CPU
		{CA221962-063B-4720-B224-C6F1595EF87D}.Debug|iPhone.ActiveCfg = Debug|Any CPU
		{CA221962-063B-4720-B224-C6F1595EF87D}.Debug|iPhone.Build.0 = Debug|Any CPU
		{CA221962-063B-4720-B224-C6F1595EF87D}.Debug|iPhoneSimulator.ActiveCfg = Debug|Any CPU
		{CA221962-063B-4720-B224-C6F1595EF87D}.Debug|iPhoneSimulator.Build.0 = Debug|Any CPU
		{CA221962-063B-4720-B224-C6F1595EF87D}.Debug|x64.ActiveCfg = Debug|Any CPU
		{CA221962-063B-4720-B224-C6F1595EF87D}.Debug|x64.Build.0 = Debug|Any CPU
		{CA221962-063B-4720-B224-C6F1595EF87D}.Debug|x86.ActiveCfg = Debug|Any CPU
		{CA221962-063B-4720-B224-C6F1595EF87D}.Debug|x86.Build.0 = Debug|Any CPU
		{CA221962-063B-4720-B224-C6F1595EF87D}.Release|Any CPU.ActiveCfg = Release|Any CPU
		{CA221962-063B-4720-B224-C6F1595EF87D}.Release|Any CPU.Build.0 = Release|Any CPU
		{CA221962-063B-4720-B224-C6F1595EF87D}.Release|ARM.ActiveCfg = Release|Any CPU
		{CA221962-063B-4720-B224-C6F1595EF87D}.Release|ARM.Build.0 = Release|Any CPU
		{CA221962-063B-4720-B224-C6F1595EF87D}.Release|iPhone.ActiveCfg = Release|Any CPU
		{CA221962-063B-4720-B224-C6F1595EF87D}.Release|iPhone.Build.0 = Release|Any CPU
		{CA221962-063B-4720-B224-C6F1595EF87D}.Release|iPhoneSimulator.ActiveCfg = Release|Any CPU
		{CA221962-063B-4720-B224-C6F1595EF87D}.Release|iPhoneSimulator.Build.0 = Release|Any CPU
		{CA221962-063B-4720-B224-C6F1595EF87D}.Release|x64.ActiveCfg = Release|Any CPU
		{CA221962-063B-4720-B224-C6F1595EF87D}.Release|x64.Build.0 = Release|Any CPU
		{CA221962-063B-4720-B224-C6F1595EF87D}.Release|x86.ActiveCfg = Release|Any CPU
		{CA221962-063B-4720-B224-C6F1595EF87D}.Release|x86.Build.0 = Release|Any CPU
		{9332948C-FC5F-4602-8103-49A2CA1B7EFA}.Ad-Hoc|Any CPU.ActiveCfg = Release|Any CPU
		{9332948C-FC5F-4602-8103-49A2CA1B7EFA}.Ad-Hoc|Any CPU.Build.0 = Release|Any CPU
		{9332948C-FC5F-4602-8103-49A2CA1B7EFA}.Ad-Hoc|ARM.ActiveCfg = Release|Any CPU
		{9332948C-FC5F-4602-8103-49A2CA1B7EFA}.Ad-Hoc|ARM.Build.0 = Release|Any CPU
		{9332948C-FC5F-4602-8103-49A2CA1B7EFA}.Ad-Hoc|iPhone.ActiveCfg = Release|Any CPU
		{9332948C-FC5F-4602-8103-49A2CA1B7EFA}.Ad-Hoc|iPhone.Build.0 = Release|Any CPU
		{9332948C-FC5F-4602-8103-49A2CA1B7EFA}.Ad-Hoc|iPhoneSimulator.ActiveCfg = Release|Any CPU
		{9332948C-FC5F-4602-8103-49A2CA1B7EFA}.Ad-Hoc|iPhoneSimulator.Build.0 = Release|Any CPU
		{9332948C-FC5F-4602-8103-49A2CA1B7EFA}.Ad-Hoc|x64.ActiveCfg = Release|Any CPU
		{9332948C-FC5F-4602-8103-49A2CA1B7EFA}.Ad-Hoc|x64.Build.0 = Release|Any CPU
		{9332948C-FC5F-4602-8103-49A2CA1B7EFA}.Ad-Hoc|x86.ActiveCfg = Release|Any CPU
		{9332948C-FC5F-4602-8103-49A2CA1B7EFA}.Ad-Hoc|x86.Build.0 = Release|Any CPU
		{9332948C-FC5F-4602-8103-49A2CA1B7EFA}.AppStore|Any CPU.ActiveCfg = Release|Any CPU
		{9332948C-FC5F-4602-8103-49A2CA1B7EFA}.AppStore|Any CPU.Build.0 = Release|Any CPU
		{9332948C-FC5F-4602-8103-49A2CA1B7EFA}.AppStore|ARM.ActiveCfg = Release|Any CPU
		{9332948C-FC5F-4602-8103-49A2CA1B7EFA}.AppStore|ARM.Build.0 = Release|Any CPU
		{9332948C-FC5F-4602-8103-49A2CA1B7EFA}.AppStore|iPhone.ActiveCfg = Release|Any CPU
		{9332948C-FC5F-4602-8103-49A2CA1B7EFA}.AppStore|iPhone.Build.0 = Release|Any CPU
		{9332948C-FC5F-4602-8103-49A2CA1B7EFA}.AppStore|iPhoneSimulator.ActiveCfg = Release|Any CPU
		{9332948C-FC5F-4602-8103-49A2CA1B7EFA}.AppStore|iPhoneSimulator.Build.0 = Release|Any CPU
		{9332948C-FC5F-4602-8103-49A2CA1B7EFA}.AppStore|x64.ActiveCfg = Release|Any CPU
		{9332948C-FC5F-4602-8103-49A2CA1B7EFA}.AppStore|x64.Build.0 = Release|Any CPU
		{9332948C-FC5F-4602-8103-49A2CA1B7EFA}.AppStore|x86.ActiveCfg = Release|Any CPU
		{9332948C-FC5F-4602-8103-49A2CA1B7EFA}.AppStore|x86.Build.0 = Release|Any CPU
		{9332948C-FC5F-4602-8103-49A2CA1B7EFA}.Debug|Any CPU.ActiveCfg = Debug|Any CPU
		{9332948C-FC5F-4602-8103-49A2CA1B7EFA}.Debug|Any CPU.Build.0 = Debug|Any CPU
		{9332948C-FC5F-4602-8103-49A2CA1B7EFA}.Debug|ARM.ActiveCfg = Debug|Any CPU
		{9332948C-FC5F-4602-8103-49A2CA1B7EFA}.Debug|ARM.Build.0 = Debug|Any CPU
		{9332948C-FC5F-4602-8103-49A2CA1B7EFA}.Debug|iPhone.ActiveCfg = Debug|Any CPU
		{9332948C-FC5F-4602-8103-49A2CA1B7EFA}.Debug|iPhone.Build.0 = Debug|Any CPU
		{9332948C-FC5F-4602-8103-49A2CA1B7EFA}.Debug|iPhoneSimulator.ActiveCfg = Debug|Any CPU
		{9332948C-FC5F-4602-8103-49A2CA1B7EFA}.Debug|iPhoneSimulator.Build.0 = Debug|Any CPU
		{9332948C-FC5F-4602-8103-49A2CA1B7EFA}.Debug|x64.ActiveCfg = Debug|Any CPU
		{9332948C-FC5F-4602-8103-49A2CA1B7EFA}.Debug|x64.Build.0 = Debug|Any CPU
		{9332948C-FC5F-4602-8103-49A2CA1B7EFA}.Debug|x86.ActiveCfg = Debug|Any CPU
		{9332948C-FC5F-4602-8103-49A2CA1B7EFA}.Debug|x86.Build.0 = Debug|Any CPU
		{9332948C-FC5F-4602-8103-49A2CA1B7EFA}.Release|Any CPU.ActiveCfg = Release|Any CPU
		{9332948C-FC5F-4602-8103-49A2CA1B7EFA}.Release|Any CPU.Build.0 = Release|Any CPU
		{9332948C-FC5F-4602-8103-49A2CA1B7EFA}.Release|ARM.ActiveCfg = Release|Any CPU
		{9332948C-FC5F-4602-8103-49A2CA1B7EFA}.Release|ARM.Build.0 = Release|Any CPU
		{9332948C-FC5F-4602-8103-49A2CA1B7EFA}.Release|iPhone.ActiveCfg = Release|Any CPU
		{9332948C-FC5F-4602-8103-49A2CA1B7EFA}.Release|iPhone.Build.0 = Release|Any CPU
		{9332948C-FC5F-4602-8103-49A2CA1B7EFA}.Release|iPhoneSimulator.ActiveCfg = Release|Any CPU
		{9332948C-FC5F-4602-8103-49A2CA1B7EFA}.Release|iPhoneSimulator.Build.0 = Release|Any CPU
		{9332948C-FC5F-4602-8103-49A2CA1B7EFA}.Release|x64.ActiveCfg = Release|Any CPU
		{9332948C-FC5F-4602-8103-49A2CA1B7EFA}.Release|x64.Build.0 = Release|Any CPU
		{9332948C-FC5F-4602-8103-49A2CA1B7EFA}.Release|x86.ActiveCfg = Release|Any CPU
		{9332948C-FC5F-4602-8103-49A2CA1B7EFA}.Release|x86.Build.0 = Release|Any CPU
	EndGlobalSection
	GlobalSection(SolutionProperties) = preSolution
		HideSolutionNode = FALSE
	EndGlobalSection
	GlobalSection(ExtensibilityGlobals) = postSolution
		SolutionGuid = {C70435DD-0E98-45FC-B5D1-3DFFE5310F19}
	EndGlobalSection
EndGlobal
